
Microsoft Visual Studio Solution File, Format Version 12.00
# Visual Studio Version 17
VisualStudioVersion = 17.14.36109.1 d17.14
MinimumVisualStudioVersion = 10.0.40219.1
Project("{FAE04EC0-301F-11D3-BF4B-00C04F79EFBC}") = "Onmia.DT4.App", "Onmia.DT4.App\Onmia.DT4.App.csproj", "{EFDD1C64-AFB0-440C-A15C-4C00CE9FC7DF}"
EndProject
Global
	GlobalSection(SolutionConfigurationPlatforms) = preSolution
		Debug|Any CPU = Debug|Any CPU
		Release|Any CPU = Release|Any CPU
	EndGlobalSection
	GlobalSection(ProjectConfigurationPlatforms) = postSolution
		{EFDD1C64-AFB0-440C-A15C-4C00CE9FC7DF}.Debug|Any CPU.ActiveCfg = Debug|Any CPU
		{EFDD1C64-AFB0-440C-A15C-4C00CE9FC7DF}.Debug|Any CPU.Build.0 = Debug|Any CPU
		{EFDD1C64-AFB0-440C-A15C-4C00CE9FC7DF}.Release|Any CPU.ActiveCfg = Release|Any CPU
		{EFDD1C64-AFB0-440C-A15C-4C00CE9FC7DF}.Release|Any CPU.Build.0 = Release|Any CPU
	EndGlobalSection
	GlobalSection(SolutionProperties) = preSolution
		HideSolutionNode = FALSE
	EndGlobalSection
	GlobalSection(ExtensibilityGlobals) = postSolution
		SolutionGuid = {0353769A-B0B7-4A90-84D5-F1CAE9ECDC75}
	EndGlobalSection
EndGlobal
